
Microsoft Visual Studio Solution File, Format Version 12.00
# Visual Studio Version 17
VisualStudioVersion = 17.4.33110.190
MinimumVisualStudioVersion = 10.0.40219.1
Project("{FAE04EC0-301F-11D3-BF4B-00C04F79EFBC}") = "RedisCaching", "RedisCaching.csproj", "{644E246A-66D7-43F7-8BCA-7DFB26D49792}"
EndProject
Global
	GlobalSection(SolutionConfigurationPlatforms) = preSolution
		Debug|Any CPU = Debug|Any CPU
		Release|Any CPU = Release|Any CPU
	EndGlobalSection
	GlobalSection(ProjectConfigurationPlatforms) = postSolution
		{644E246A-66D7-43F7-8BCA-7DFB26D49792}.Debug|Any CPU.ActiveCfg = Debug|Any CPU
		{644E246A-66D7-43F7-8BCA-7DFB26D49792}.Debug|Any CPU.Build.0 = Debug|Any CPU
		{644E246A-66D7-43F7-8BCA-7DFB26D49792}.Release|Any CPU.ActiveCfg = Release|Any CPU
		{644E246A-66D7-43F7-8BCA-7DFB26D49792}.Release|Any CPU.Build.0 = Release|Any CPU
	EndGlobalSection
	GlobalSection(SolutionProperties) = preSolution
		HideSolutionNode = FALSE
	EndGlobalSection
	GlobalSection(ExtensibilityGlobals) = postSolution
		SolutionGuid = {AA76137B-1978-4DCE-97F4-80C0DED1CECF}
	EndGlobalSection
EndGlobal
